// !$*UTF8*$!
{
	archiveVersion = 1;
	classes = {
	};
	objectVersion = 46;
	objects = {

/* Begin PBXBuildFile section */
		E982A1A316B22BEC003E3548 /* Cocoa.framework in Frameworks */ = {isa = PBXBuildFile; fileRef = E982A1A216B22BEC003E3548 /* Cocoa.framework */; };
		E982A1AD16B22BEC003E3548 /* InfoPlist.strings in Resources */ = {isa = PBXBuildFile; fileRef = E982A1AB16B22BEC003E3548 /* InfoPlist.strings */; };
		E982A1AF16B22BEC003E3548 /* main.m in Sources */ = {isa = PBXBuildFile; fileRef = E982A1AE16B22BEC003E3548 /* main.m */; };
		E982A1B316B22BEC003E3548 /* Credits.rtf in Resources */ = {isa = PBXBuildFile; fileRef = E982A1B116B22BEC003E3548 /* Credits.rtf */; };
		E982A1B616B22BEC003E3548 /* TWAppDelegate.m in Sources */ = {isa = PBXBuildFile; fileRef = E982A1B516B22BEC003E3548 /* TWAppDelegate.m */; };
		E982A1B916B22BEC003E3548 /* MainMenu.xib in Resources */ = {isa = PBXBuildFile; fileRef = E982A1B716B22BEC003E3548 /* MainMenu.xib */; };
		E982A1C116B22BED003E3548 /* SenTestingKit.framework in Frameworks */ = {isa = PBXBuildFile; fileRef = E982A1C016B22BED003E3548 /* SenTestingKit.framework */; };
		E982A1C216B22BED003E3548 /* Cocoa.framework in Frameworks */ = {isa = PBXBuildFile; fileRef = E982A1A216B22BEC003E3548 /* Cocoa.framework */; };
		E982A1CA16B22BED003E3548 /* InfoPlist.strings in Resources */ = {isa = PBXBuildFile; fileRef = E982A1C816B22BED003E3548 /* InfoPlist.strings */; };
		E982A1DC16B22D27003E3548 /* ExampleTest.m in Sources */ = {isa = PBXBuildFile; fileRef = E982A1DA16B22D27003E3548 /* ExampleTest.m */; };
		E982A1E116B22DF7003E3548 /* OCHamcrest.framework in Frameworks */ = {isa = PBXBuildFile; fileRef = E982A1DF16B22DF7003E3548 /* OCHamcrest.framework */; };
		E982A1E216B22DF7003E3548 /* OCMockito.framework in Frameworks */ = {isa = PBXBuildFile; fileRef = E982A1E016B22DF7003E3548 /* OCMockito.framework */; };
		E982A1E316B22DFD003E3548 /* OCHamcrest.framework in CopyFiles */ = {isa = PBXBuildFile; fileRef = E982A1DF16B22DF7003E3548 /* OCHamcrest.framework */; };
		E982A1E416B22DFD003E3548 /* OCMockito.framework in CopyFiles */ = {isa = PBXBuildFile; fileRef = E982A1E016B22DF7003E3548 /* OCMockito.framework */; };
		E982A1E716B22E71003E3548 /* Example.m in Sources */ = {isa = PBXBuildFile; fileRef = E982A1E616B22E71003E3548 /* Example.m */; };
/* End PBXBuildFile section */

/* Begin PBXContainerItemProxy section */
		E982A1C316B22BED003E3548 /* PBXContainerItemProxy */ = {
			isa = PBXContainerItemProxy;
			containerPortal = E982A19516B22BEC003E3548 /* Project object */;
			proxyType = 1;
			remoteGlobalIDString = E982A19D16B22BEC003E3548;
			remoteInfo = "TDD Waltz";
		};
/* End PBXContainerItemProxy section */

/* Begin PBXCopyFilesBuildPhase section */
		E982A1DE16B22DE2003E3548 /* CopyFiles */ = {
			isa = PBXCopyFilesBuildPhase;
			buildActionMask = 2147483647;
			dstPath = "";
			dstSubfolderSpec = 16;
			files = (
				E982A1E316B22DFD003E3548 /* OCHamcrest.framework in CopyFiles */,
				E982A1E416B22DFD003E3548 /* OCMockito.framework in CopyFiles */,
			);
			runOnlyForDeploymentPostprocessing = 0;
		};
/* End PBXCopyFilesBuildPhase section */

/* Begin PBXFileReference section */
		E982A19E16B22BEC003E3548 /* TDD Waltz.app */ = {isa = PBXFileReference; explicitFileType = wrapper.application; includeInIndex = 0; path = "TDD Waltz.app"; sourceTree = BUILT_PRODUCTS_DIR; };
		E982A1A216B22BEC003E3548 /* Cocoa.framework */ = {isa = PBXFileReference; lastKnownFileType = wrapper.framework; name = Cocoa.framework; path = System/Library/Frameworks/Cocoa.framework; sourceTree = SDKROOT; };
		E982A1A516B22BEC003E3548 /* AppKit.framework */ = {isa = PBXFileReference; lastKnownFileType = wrapper.framework; name = AppKit.framework; path = System/Library/Frameworks/AppKit.framework; sourceTree = SDKROOT; };
		E982A1A616B22BEC003E3548 /* CoreData.framework */ = {isa = PBXFileReference; lastKnownFileType = wrapper.framework; name = CoreData.framework; path = System/Library/Frameworks/CoreData.framework; sourceTree = SDKROOT; };
		E982A1A716B22BEC003E3548 /* Foundation.framework */ = {isa = PBXFileReference; lastKnownFileType = wrapper.framework; name = Foundation.framework; path = System/Library/Frameworks/Foundation.framework; sourceTree = SDKROOT; };
		E982A1AA16B22BEC003E3548 /* TDD Waltz-Info.plist */ = {isa = PBXFileReference; lastKnownFileType = text.plist.xml; path = "TDD Waltz-Info.plist"; sourceTree = "<group>"; };
		E982A1AC16B22BEC003E3548 /* en */ = {isa = PBXFileReference; lastKnownFileType = text.plist.strings; name = en; path = en.lproj/InfoPlist.strings; sourceTree = "<group>"; };
		E982A1AE16B22BEC003E3548 /* main.m */ = {isa = PBXFileReference; lastKnownFileType = sourcecode.c.objc; path = main.m; sourceTree = "<group>"; };
		E982A1B016B22BEC003E3548 /* TDD Waltz-Prefix.pch */ = {isa = PBXFileReference; lastKnownFileType = sourcecode.c.h; path = "TDD Waltz-Prefix.pch"; sourceTree = "<group>"; };
		E982A1B216B22BEC003E3548 /* en */ = {isa = PBXFileReference; lastKnownFileType = text.rtf; name = en; path = en.lproj/Credits.rtf; sourceTree = "<group>"; };
		E982A1B416B22BEC003E3548 /* TWAppDelegate.h */ = {isa = PBXFileReference; lastKnownFileType = sourcecode.c.h; path = TWAppDelegate.h; sourceTree = "<group>"; };
		E982A1B516B22BEC003E3548 /* TWAppDelegate.m */ = {isa = PBXFileReference; lastKnownFileType = sourcecode.c.objc; path = TWAppDelegate.m; sourceTree = "<group>"; };
		E982A1B816B22BEC003E3548 /* en */ = {isa = PBXFileReference; lastKnownFileType = file.xib; name = en; path = en.lproj/MainMenu.xib; sourceTree = "<group>"; };
		E982A1BF16B22BED003E3548 /* TDD WaltzTests.octest */ = {isa = PBXFileReference; explicitFileType = wrapper.cfbundle; includeInIndex = 0; path = "TDD WaltzTests.octest"; sourceTree = BUILT_PRODUCTS_DIR; };
		E982A1C016B22BED003E3548 /* SenTestingKit.framework */ = {isa = PBXFileReference; lastKnownFileType = wrapper.framework; name = SenTestingKit.framework; path = Library/Frameworks/SenTestingKit.framework; sourceTree = DEVELOPER_DIR; };
		E982A1C716B22BED003E3548 /* TDD WaltzTests-Info.plist */ = {isa = PBXFileReference; lastKnownFileType = text.plist.xml; path = "TDD WaltzTests-Info.plist"; sourceTree = "<group>"; };
		E982A1C916B22BED003E3548 /* en */ = {isa = PBXFileReference; lastKnownFileType = text.plist.strings; name = en; path = en.lproj/InfoPlist.strings; sourceTree = "<group>"; };
		E982A1DA16B22D27003E3548 /* ExampleTest.m */ = {isa = PBXFileReference; fileEncoding = 4; lastKnownFileType = sourcecode.c.objc; path = ExampleTest.m; sourceTree = "<group>"; };
		E982A1DF16B22DF7003E3548 /* OCHamcrest.framework */ = {isa = PBXFileReference; lastKnownFileType = wrapper.framework; name = OCHamcrest.framework; path = Frameworks/OCHamcrest.framework; sourceTree = "<group>"; };
		E982A1E016B22DF7003E3548 /* OCMockito.framework */ = {isa = PBXFileReference; lastKnownFileType = wrapper.framework; name = OCMockito.framework; path = Frameworks/OCMockito.framework; sourceTree = "<group>"; };
		E982A1E516B22E71003E3548 /* Example.h */ = {isa = PBXFileReference; fileEncoding = 4; lastKnownFileType = sourcecode.c.h; name = Example.h; path = "TDD WaltzTests/Example.h"; sourceTree = SOURCE_ROOT; };
		E982A1E616B22E71003E3548 /* Example.m */ = {isa = PBXFileReference; fileEncoding = 4; lastKnownFileType = sourcecode.c.objc; name = Example.m; path = "TDD WaltzTests/Example.m"; sourceTree = SOURCE_ROOT; };
/* End PBXFileReference section */

/* Begin PBXFrameworksBuildPhase section */
		E982A19B16B22BEC003E3548 /* Frameworks */ = {
			isa = PBXFrameworksBuildPhase;
			buildActionMask = 2147483647;
			files = (
				E982A1A316B22BEC003E3548 /* Cocoa.framework in Frameworks */,
			);
			runOnlyForDeploymentPostprocessing = 0;
		};
		E982A1BB16B22BED003E3548 /* Frameworks */ = {
			isa = PBXFrameworksBuildPhase;
			buildActionMask = 2147483647;
			files = (
				E982A1C116B22BED003E3548 /* SenTestingKit.framework in Frameworks */,
				E982A1C216B22BED003E3548 /* Cocoa.framework in Frameworks */,
				E982A1E116B22DF7003E3548 /* OCHamcrest.framework in Frameworks */,
				E982A1E216B22DF7003E3548 /* OCMockito.framework in Frameworks */,
			);
			runOnlyForDeploymentPostprocessing = 0;
		};
/* End PBXFrameworksBuildPhase section */

/* Begin PBXGroup section */
		E982A19316B22BEC003E3548 = {
			isa = PBXGroup;
			children = (
				E982A1A816B22BEC003E3548 /* TDD Waltz */,
				E982A1C516B22BED003E3548 /* TDD WaltzTests */,
				E982A1A116B22BEC003E3548 /* Frameworks */,
				E982A19F16B22BEC003E3548 /* Products */,
			);
			sourceTree = "<group>";
		};
		E982A19F16B22BEC003E3548 /* Products */ = {
			isa = PBXGroup;
			children = (
				E982A19E16B22BEC003E3548 /* TDD Waltz.app */,
				E982A1BF16B22BED003E3548 /* TDD WaltzTests.octest */,
			);
			name = Products;
			sourceTree = "<group>";
		};
		E982A1A116B22BEC003E3548 /* Frameworks */ = {
			isa = PBXGroup;
			children = (
				E982A1DF16B22DF7003E3548 /* OCHamcrest.framework */,
				E982A1E016B22DF7003E3548 /* OCMockito.framework */,
				E982A1A216B22BEC003E3548 /* Cocoa.framework */,
				E982A1C016B22BED003E3548 /* SenTestingKit.framework */,
				E982A1A416B22BEC003E3548 /* Other Frameworks */,
			);
			name = Frameworks;
			sourceTree = "<group>";
		};
		E982A1A416B22BEC003E3548 /* Other Frameworks */ = {
			isa = PBXGroup;
			children = (
				E982A1A516B22BEC003E3548 /* AppKit.framework */,
				E982A1A616B22BEC003E3548 /* CoreData.framework */,
				E982A1A716B22BEC003E3548 /* Foundation.framework */,
			);
			name = "Other Frameworks";
			sourceTree = "<group>";
		};
		E982A1A816B22BEC003E3548 /* TDD Waltz */ = {
			isa = PBXGroup;
			children = (
				E982A1E516B22E71003E3548 /* Example.h */,
				E982A1E616B22E71003E3548 /* Example.m */,
				E982A1B416B22BEC003E3548 /* TWAppDelegate.h */,
				E982A1B516B22BEC003E3548 /* TWAppDelegate.m */,
				E982A1B716B22BEC003E3548 /* MainMenu.xib */,
				E982A1A916B22BEC003E3548 /* Supporting Files */,
			);
			path = "TDD Waltz";
			sourceTree = "<group>";
		};
		E982A1A916B22BEC003E3548 /* Supporting Files */ = {
			isa = PBXGroup;
			children = (
				E982A1AA16B22BEC003E3548 /* TDD Waltz-Info.plist */,
				E982A1AB16B22BEC003E3548 /* InfoPlist.strings */,
				E982A1AE16B22BEC003E3548 /* main.m */,
				E982A1B016B22BEC003E3548 /* TDD Waltz-Prefix.pch */,
				E982A1B116B22BEC003E3548 /* Credits.rtf */,
			);
			name = "Supporting Files";
			sourceTree = "<group>";
		};
		E982A1C516B22BED003E3548 /* TDD WaltzTests */ = {
			isa = PBXGroup;
			children = (
				E982A1DA16B22D27003E3548 /* ExampleTest.m */,
				E982A1C616B22BED003E3548 /* Supporting Files */,
			);
			path = "TDD WaltzTests";
			sourceTree = "<group>";
		};
		E982A1C616B22BED003E3548 /* Supporting Files */ = {
			isa = PBXGroup;
			children = (
				E982A1C716B22BED003E3548 /* TDD WaltzTests-Info.plist */,
				E982A1C816B22BED003E3548 /* InfoPlist.strings */,
			);
			name = "Supporting Files";
			sourceTree = "<group>";
		};
/* End PBXGroup section */

/* Begin PBXNativeTarget section */
		E982A19D16B22BEC003E3548 /* TDD Waltz */ = {
			isa = PBXNativeTarget;
			buildConfigurationList = E982A1D016B22BED003E3548 /* Build configuration list for PBXNativeTarget "TDD Waltz" */;
			buildPhases = (
				E982A19A16B22BEC003E3548 /* Sources */,
				E982A19B16B22BEC003E3548 /* Frameworks */,
				E982A19C16B22BEC003E3548 /* Resources */,
			);
			buildRules = (
			);
			dependencies = (
			);
			name = "TDD Waltz";
			productName = "TDD Waltz";
			productReference = E982A19E16B22BEC003E3548 /* TDD Waltz.app */;
			productType = "com.apple.product-type.application";
		};
		E982A1BE16B22BED003E3548 /* TDD WaltzTests */ = {
			isa = PBXNativeTarget;
			buildConfigurationList = E982A1D316B22BED003E3548 /* Build configuration list for PBXNativeTarget "TDD WaltzTests" */;
			buildPhases = (
				E982A1BA16B22BED003E3548 /* Sources */,
				E982A1BB16B22BED003E3548 /* Frameworks */,
				E982A1BC16B22BED003E3548 /* Resources */,
				E982A1DE16B22DE2003E3548 /* CopyFiles */,
				E982A1BD16B22BED003E3548 /* ShellScript */,
			);
			buildRules = (
			);
			dependencies = (
				E982A1C416B22BED003E3548 /* PBXTargetDependency */,
			);
			name = "TDD WaltzTests";
			productName = "TDD WaltzTests";
			productReference = E982A1BF16B22BED003E3548 /* TDD WaltzTests.octest */;
			productType = "com.apple.product-type.bundle";
		};
/* End PBXNativeTarget section */

/* Begin PBXProject section */
		E982A19516B22BEC003E3548 /* Project object */ = {
			isa = PBXProject;
			attributes = {
				CLASSPREFIX = TW;
				LastUpgradeCheck = 0450;
				ORGANIZATIONNAME = CS345;
			};
			buildConfigurationList = E982A19816B22BEC003E3548 /* Build configuration list for PBXProject "TDD Waltz" */;
			compatibilityVersion = "Xcode 3.2";
			developmentRegion = English;
			hasScannedForEncodings = 0;
			knownRegions = (
				en,
			);
			mainGroup = E982A19316B22BEC003E3548;
			productRefGroup = E982A19F16B22BEC003E3548 /* Products */;
			projectDirPath = "";
			projectRoot = "";
			targets = (
				E982A19D16B22BEC003E3548 /* TDD Waltz */,
				E982A1BE16B22BED003E3548 /* TDD WaltzTests */,
			);
		};
/* End PBXProject section */

/* Begin PBXResourcesBuildPhase section */
		E982A19C16B22BEC003E3548 /* Resources */ = {
			isa = PBXResourcesBuildPhase;
			buildActionMask = 2147483647;
			files = (
				E982A1AD16B22BEC003E3548 /* InfoPlist.strings in Resources */,
				E982A1B316B22BEC003E3548 /* Credits.rtf in Resources */,
				E982A1B916B22BEC003E3548 /* MainMenu.xib in Resources */,
			);
			runOnlyForDeploymentPostprocessing = 0;
		};
		E982A1BC16B22BED003E3548 /* Resources */ = {
			isa = PBXResourcesBuildPhase;
			buildActionMask = 2147483647;
			files = (
				E982A1CA16B22BED003E3548 /* InfoPlist.strings in Resources */,
			);
			runOnlyForDeploymentPostprocessing = 0;
		};
/* End PBXResourcesBuildPhase section */

/* Begin PBXShellScriptBuildPhase section */
		E982A1BD16B22BED003E3548 /* ShellScript */ = {
			isa = PBXShellScriptBuildPhase;
			buildActionMask = 2147483647;
			files = (
			);
			inputPaths = (
			);
			outputPaths = (
			);
			runOnlyForDeploymentPostprocessing = 0;
			shellPath = /bin/sh;
			shellScript = "# Run the unit tests in this test bundle.\n\"${SYSTEM_DEVELOPER_DIR}/Tools/RunUnitTests\"\n";
		};
/* End PBXShellScriptBuildPhase section */

/* Begin PBXSourcesBuildPhase section */
		E982A19A16B22BEC003E3548 /* Sources */ = {
			isa = PBXSourcesBuildPhase;
			buildActionMask = 2147483647;
			files = (
				E982A1AF16B22BEC003E3548 /* main.m in Sources */,
				E982A1B616B22BEC003E3548 /* TWAppDelegate.m in Sources */,
				E982A1E716B22E71003E3548 /* Example.m in Sources */,
			);
			runOnlyForDeploymentPostprocessing = 0;
		};
		E982A1BA16B22BED003E3548 /* Sources */ = {
			isa = PBXSourcesBuildPhase;
			buildActionMask = 2147483647;
			files = (
				E982A1DC16B22D27003E3548 /* ExampleTest.m in Sources */,
			);
			runOnlyForDeploymentPostprocessing = 0;
		};
/* End PBXSourcesBuildPhase section */

/* Begin PBXTargetDependency section */
		E982A1C416B22BED003E3548 /* PBXTargetDependency */ = {
			isa = PBXTargetDependency;
			target = E982A19D16B22BEC003E3548 /* TDD Waltz */;
			targetProxy = E982A1C316B22BED003E3548 /* PBXContainerItemProxy */;
		};
/* End PBXTargetDependency section */

/* Begin PBXVariantGroup section */
		E982A1AB16B22BEC003E3548 /* InfoPlist.strings */ = {
			isa = PBXVariantGroup;
			children = (
				E982A1AC16B22BEC003E3548 /* en */,
			);
			name = InfoPlist.strings;
			sourceTree = "<group>";
		};
		E982A1B116B22BEC003E3548 /* Credits.rtf */ = {
			isa = PBXVariantGroup;
			children = (
				E982A1B216B22BEC003E3548 /* en */,
			);
			name = Credits.rtf;
			sourceTree = "<group>";
		};
		E982A1B716B22BEC003E3548 /* MainMenu.xib */ = {
			isa = PBXVariantGroup;
			children = (
				E982A1B816B22BEC003E3548 /* en */,
			);
			name = MainMenu.xib;
			sourceTree = "<group>";
		};
		E982A1C816B22BED003E3548 /* InfoPlist.strings */ = {
			isa = PBXVariantGroup;
			children = (
				E982A1C916B22BED003E3548 /* en */,
			);
			name = InfoPlist.strings;
			sourceTree = "<group>";
		};
/* End PBXVariantGroup section */

/* Begin XCBuildConfiguration section */
		E982A1CE16B22BED003E3548 /* Debug */ = {
			isa = XCBuildConfiguration;
			buildSettings = {
				ALWAYS_SEARCH_USER_PATHS = NO;
				ARCHS = "$(ARCHS_STANDARD_64_BIT)";
				CLANG_CXX_LANGUAGE_STANDARD = "gnu++0x";
				CLANG_CXX_LIBRARY = "libc++";
				CLANG_ENABLE_OBJC_ARC = YES;
				CLANG_WARN_EMPTY_BODY = YES;
				CLANG_WARN__DUPLICATE_METHOD_MATCH = YES;
				COPY_PHASE_STRIP = NO;
				GCC_C_LANGUAGE_STANDARD = gnu99;
				GCC_DYNAMIC_NO_PIC = NO;
				GCC_ENABLE_OBJC_EXCEPTIONS = YES;
				GCC_OPTIMIZATION_LEVEL = 0;
				GCC_PREPROCESSOR_DEFINITIONS = (
					"DEBUG=1",
					"$(inherited)",
				);
				GCC_SYMBOLS_PRIVATE_EXTERN = NO;
				GCC_WARN_64_TO_32_BIT_CONVERSION = YES;
				GCC_WARN_ABOUT_RETURN_TYPE = YES;
				GCC_WARN_UNINITIALIZED_AUTOS = YES;
				GCC_WARN_UNUSED_VARIABLE = YES;
				MACOSX_DEPLOYMENT_TARGET = 10.8;
				ONLY_ACTIVE_ARCH = YES;
				SDKROOT = macosx;
			};
			name = Debug;
		};
		E982A1CF16B22BED003E3548 /* Release */ = {
			isa = XCBuildConfiguration;
			buildSettings = {
				ALWAYS_SEARCH_USER_PATHS = NO;
				ARCHS = "$(ARCHS_STANDARD_64_BIT)";
				CLANG_CXX_LANGUAGE_STANDARD = "gnu++0x";
				CLANG_CXX_LIBRARY = "libc++";
				CLANG_ENABLE_OBJC_ARC = YES;
				CLANG_WARN_EMPTY_BODY = YES;
				CLANG_WARN__DUPLICATE_METHOD_MATCH = YES;
				COPY_PHASE_STRIP = YES;
				DEBUG_INFORMATION_FORMAT = "dwarf-with-dsym";
				GCC_C_LANGUAGE_STANDARD = gnu99;
				GCC_ENABLE_OBJC_EXCEPTIONS = YES;
				GCC_WARN_64_TO_32_BIT_CONVERSION = YES;
				GCC_WARN_ABOUT_RETURN_TYPE = YES;
				GCC_WARN_UNINITIALIZED_AUTOS = YES;
				GCC_WARN_UNUSED_VARIABLE = YES;
				MACOSX_DEPLOYMENT_TARGET = 10.8;
				SDKROOT = macosx;
			};
			name = Release;
		};
		E982A1D116B22BED003E3548 /* Debug */ = {
			isa = XCBuildConfiguration;
			buildSettings = {
				COMBINE_HIDPI_IMAGES = YES;
				GCC_PRECOMPILE_PREFIX_HEADER = YES;
				GCC_PREFIX_HEADER = "TDD Waltz/TDD Waltz-Prefix.pch";
				INFOPLIST_FILE = "TDD Waltz/TDD Waltz-Info.plist";
				PRODUCT_NAME = "$(TARGET_NAME)";
				WRAPPER_EXTENSION = app;
			};
			name = Debug;
		};
		E982A1D216B22BED003E3548 /* Release */ = {
			isa = XCBuildConfiguration;
			buildSettings = {
				COMBINE_HIDPI_IMAGES = YES;
				GCC_PRECOMPILE_PREFIX_HEADER = YES;
				GCC_PREFIX_HEADER = "TDD Waltz/TDD Waltz-Prefix.pch";
				INFOPLIST_FILE = "TDD Waltz/TDD Waltz-Info.plist";
				PRODUCT_NAME = "$(TARGET_NAME)";
				WRAPPER_EXTENSION = app;
			};
			name = Release;
		};
		E982A1D416B22BED003E3548 /* Debug */ = {
			isa = XCBuildConfiguration;
			buildSettings = {
				BUNDLE_LOADER = "$(BUILT_PRODUCTS_DIR)/TDD Waltz.app/Contents/MacOS/TDD Waltz";
				COMBINE_HIDPI_IMAGES = YES;
				FRAMEWORK_SEARCH_PATHS = (
					"\"$(DEVELOPER_LIBRARY_DIR)/Frameworks\"",
					"\"$(SRCROOT)/Frameworks\"",
				);
				GCC_PRECOMPILE_PREFIX_HEADER = YES;
				GCC_PREFIX_HEADER = "TDD Waltz/TDD Waltz-Prefix.pch";
				INFOPLIST_FILE = "TDD WaltzTests/TDD WaltzTests-Info.plist";
				PRODUCT_NAME = "$(TARGET_NAME)";
				TEST_HOST = "$(BUNDLE_LOADER)";
				WRAPPER_EXTENSION = octest;
			};
			name = Debug;
		};
		E982A1D516B22BED003E3548 /* Release */ = {
			isa = XCBuildConfiguration;
			buildSettings = {
				BUNDLE_LOADER = "$(BUILT_PRODUCTS_DIR)/TDD Waltz.app/Contents/MacOS/TDD Waltz";
				COMBINE_HIDPI_IMAGES = YES;
				FRAMEWORK_SEARCH_PATHS = (
					"\"$(DEVELOPER_LIBRARY_DIR)/Frameworks\"",
					"\"$(SRCROOT)/Frameworks\"",
				);
				GCC_PRECOMPILE_PREFIX_HEADER = YES;
				GCC_PREFIX_HEADER = "TDD Waltz/TDD Waltz-Prefix.pch";
				INFOPLIST_FILE = "TDD WaltzTests/TDD WaltzTests-Info.plist";
				PRODUCT_NAME = "$(TARGET_NAME)";
				TEST_HOST = "$(BUNDLE_LOADER)";
				WRAPPER_EXTENSION = octest;
			};
			name = Release;
		};
/* End XCBuildConfiguration section */

/* Begin XCConfigurationList section */
		E982A19816B22BEC003E3548 /* Build configuration list for PBXProject "TDD Waltz" */ = {
			isa = XCConfigurationList;
			buildConfigurations = (
				E982A1CE16B22BED003E3548 /* Debug */,
				E982A1CF16B22BED003E3548 /* Release */,
			);
			defaultConfigurationIsVisible = 0;
			defaultConfigurationName = Release;
		};
		E982A1D016B22BED003E3548 /* Build configuration list for PBXNativeTarget "TDD Waltz" */ = {
			isa = XCConfigurationList;
			buildConfigurations = (
				E982A1D116B22BED003E3548 /* Debug */,
				E982A1D216B22BED003E3548 /* Release */,
			);
			defaultConfigurationIsVisible = 0;
		};
		E982A1D316B22BED003E3548 /* Build configuration list for PBXNativeTarget "TDD WaltzTests" */ = {
			isa = XCConfigurationList;
			buildConfigurations = (
				E982A1D416B22BED003E3548 /* Debug */,
				E982A1D516B22BED003E3548 /* Release */,
			);
			defaultConfigurationIsVisible = 0;
		};
/* End XCConfigurationList section */
	};
	rootObject = E982A19516B22BEC003E3548 /* Project object */;
}
